{
  "version": 4,
  "terraform_version": "0.12.21",
  "serial": 4,
  "lineage": "36d5f4e3-e545-812f-5b20-95c2af67ad30",
  "outputs": {
    "ec2instance": {
      "value": "Instances: [i-05062e44bcc81d8b8, i-09e47c68d08ba7fb6]",
      "type": "string"
    }
  },
  "resources": [
    {
      "mode": "data",
      "type": "aws_security_group",
      "name": "security_group_id",
      "provider": "provider.aws",
      "instances": [
        {
          "schema_version": 0,
          "attributes": {
            "arn": "arn:aws:ec2:us-east-1:539007596674:security-group/sg-08cc75fa0d5377700",
            "description": "K8s-SG",
            "filter": [
              {
                "name": "tag:Project",
                "values": [
                  "K8s-Demo-ManagedCluster"
                ]
              }
            ],
            "id": "sg-08cc75fa0d5377700",
            "name": "K8s-SG",
            "tags": {
              "Managed": "Kubernetes Cluster",
              "Name": "K8s-Master-Server",
              "Project": "K8s-Demo-ManagedCluster"
            },
            "vpc_id": "vpc-0cd049d128b15664d"
          }
        }
      ]
    },
    {
      "mode": "data",
      "type": "aws_subnet",
      "name": "subnet_id",
      "provider": "provider.aws",
      "instances": [
        {
          "schema_version": 0,
          "attributes": {
            "arn": "arn:aws:ec2:us-east-1:539007596674:subnet/subnet-04628f76c22e9b833",
            "assign_ipv6_address_on_creation": false,
            "availability_zone": "us-east-1f",
            "availability_zone_id": "use1-az5",
            "cidr_block": "10.0.1.0/24",
            "default_for_az": false,
            "filter": [
              {
                "name": "tag:Project",
                "values": [
                  "K8s-Demo-ManagedCluster"
                ]
              }
            ],
            "id": "subnet-04628f76c22e9b833",
            "ipv6_cidr_block": null,
            "ipv6_cidr_block_association_id": null,
            "map_public_ip_on_launch": false,
            "owner_id": "539007596674",
            "state": "available",
            "tags": {
              "Managed": "Kubernetes Cluster",
              "Name": "K8s-Master-Server",
              "Project": "K8s-Demo-ManagedCluster"
            },
            "vpc_id": "vpc-0cd049d128b15664d"
          }
        }
      ]
    },
    {
      "mode": "managed",
      "type": "aws_instance",
      "name": "project-k8s",
      "each": "list",
      "provider": "provider.aws",
      "instances": [
        {
          "index_key": 0,
          "schema_version": 1,
          "attributes": {
            "ami": "ami-0063927a",
            "arn": "arn:aws:ec2:us-east-1:539007596674:instance/i-05062e44bcc81d8b8",
            "associate_public_ip_address": true,
            "availability_zone": "us-east-1f",
            "cpu_core_count": 1,
            "cpu_threads_per_core": 1,
            "credit_specification": [
              {
                "cpu_credits": "standard"
              }
            ],
            "disable_api_termination": false,
            "ebs_block_device": [
              {
                "delete_on_termination": true,
                "device_name": "/dev/sde",
                "encrypted": false,
                "iops": 150,
                "kms_key_id": "",
                "snapshot_id": "snap-0422a60bc19100b20",
                "volume_id": "vol-0ed086ac2c9cc438b",
                "volume_size": 50,
                "volume_type": "gp2"
              },
              {
                "delete_on_termination": true,
                "device_name": "/dev/sdf",
                "encrypted": false,
                "iops": 300,
                "kms_key_id": "",
                "snapshot_id": "snap-0011c978573493304",
                "volume_id": "vol-01a4281d760167ac1",
                "volume_size": 100,
                "volume_type": "gp2"
              },
              {
                "delete_on_termination": true,
                "device_name": "/dev/sdg",
                "encrypted": false,
                "iops": 150,
                "kms_key_id": "",
                "snapshot_id": "snap-0cdd05b2099453591",
                "volume_id": "vol-089c4fbb71c46efe4",
                "volume_size": 50,
                "volume_type": "gp2"
              },
              {
                "delete_on_termination": true,
                "device_name": "/dev/sdh",
                "encrypted": false,
                "iops": 100,
                "kms_key_id": "",
                "snapshot_id": "snap-062c9628e777fbff2",
                "volume_id": "vol-0c557a7ea1198b312",
                "volume_size": 20,
                "volume_type": "gp2"
              }
            ],
            "ebs_optimized": false,
            "ephemeral_block_device": [],
            "get_password_data": false,
            "hibernation": false,
            "host_id": null,
            "iam_instance_profile": "",
            "id": "i-05062e44bcc81d8b8",
            "instance_initiated_shutdown_behavior": null,
            "instance_state": "running",
            "instance_type": "t2.micro",
            "ipv6_address_count": 0,
            "ipv6_addresses": [],
            "key_name": "keypad-02032020-us-east-1_New",
            "monitoring": false,
            "network_interface": [],
            "network_interface_id": null,
            "password_data": "",
            "placement_group": "",
            "primary_network_interface_id": "eni-059b3d91104baf668",
            "private_dns": "ip-10-0-1-148.ec2.internal",
            "private_ip": "10.0.1.148",
            "public_dns": "ec2-34-204-170-197.compute-1.amazonaws.com",
            "public_ip": "34.204.170.197",
            "root_block_device": [
              {
                "delete_on_termination": true,
                "encrypted": false,
                "iops": 150,
                "kms_key_id": "",
                "volume_id": "vol-097394c1812f69fc2",
                "volume_size": 50,
                "volume_type": "gp2"
              }
            ],
            "security_groups": [],
            "source_dest_check": true,
            "subnet_id": "subnet-04628f76c22e9b833",
            "tags": {
              "Managed": "Kubernetes Cluster",
              "Name": "K8s-Master-Server",
              "OS": "CentOS",
              "Project": "K8s-Demo-ManagedCluster"
            },
            "tenancy": "default",
            "timeouts": null,
            "user_data": null,
            "user_data_base64": null,
            "volume_tags": {},
            "vpc_security_group_ids": [
              "sg-08cc75fa0d5377700"
            ]
          },
          "private": "eyJlMmJmYjczMC1lY2FhLTExZTYtOGY4OC0zNDM2M2JjN2M0YzAiOnsiY3JlYXRlIjo2MDAwMDAwMDAwMDAsImRlbGV0ZSI6MTIwMDAwMDAwMDAwMCwidXBkYXRlIjo2MDAwMDAwMDAwMDB9LCJzY2hlbWFfdmVyc2lvbiI6IjEifQ=="
        },
        {
          "index_key": 1,
          "schema_version": 1,
          "attributes": {
            "ami": "ami-0063927a",
            "arn": "arn:aws:ec2:us-east-1:539007596674:instance/i-09e47c68d08ba7fb6",
            "associate_public_ip_address": true,
            "availability_zone": "us-east-1f",
            "cpu_core_count": 1,
            "cpu_threads_per_core": 1,
            "credit_specification": [
              {
                "cpu_credits": "standard"
              }
            ],
            "disable_api_termination": false,
            "ebs_block_device": [
              {
                "delete_on_termination": true,
                "device_name": "/dev/sde",
                "encrypted": false,
                "iops": 150,
                "kms_key_id": "",
                "snapshot_id": "snap-0422a60bc19100b20",
                "volume_id": "vol-0813d1f83b1a73040",
                "volume_size": 50,
                "volume_type": "gp2"
              },
              {
                "delete_on_termination": true,
                "device_name": "/dev/sdf",
                "encrypted": false,
                "iops": 300,
                "kms_key_id": "",
                "snapshot_id": "snap-0011c978573493304",
                "volume_id": "vol-095a368dc93fb86d0",
                "volume_size": 100,
                "volume_type": "gp2"
              },
              {
                "delete_on_termination": true,
                "device_name": "/dev/sdg",
                "encrypted": false,
                "iops": 150,
                "kms_key_id": "",
                "snapshot_id": "snap-0cdd05b2099453591",
                "volume_id": "vol-0ed873427daee37e7",
                "volume_size": 50,
                "volume_type": "gp2"
              },
              {
                "delete_on_termination": true,
                "device_name": "/dev/sdh",
                "encrypted": false,
                "iops": 100,
                "kms_key_id": "",
                "snapshot_id": "snap-062c9628e777fbff2",
                "volume_id": "vol-070371cee2cdc0cf1",
                "volume_size": 20,
                "volume_type": "gp2"
              }
            ],
            "ebs_optimized": false,
            "ephemeral_block_device": [],
            "get_password_data": false,
            "hibernation": false,
            "host_id": null,
            "iam_instance_profile": "",
            "id": "i-09e47c68d08ba7fb6",
            "instance_initiated_shutdown_behavior": null,
            "instance_state": "running",
            "instance_type": "t2.micro",
            "ipv6_address_count": 0,
            "ipv6_addresses": [],
            "key_name": "keypad-02032020-us-east-1_New",
            "monitoring": false,
            "network_interface": [],
            "network_interface_id": null,
            "password_data": "",
            "placement_group": "",
            "primary_network_interface_id": "eni-08a8852f3f906d5e1",
            "private_dns": "ip-10-0-1-143.ec2.internal",
            "private_ip": "10.0.1.143",
            "public_dns": "ec2-3-83-192-189.compute-1.amazonaws.com",
            "public_ip": "3.83.192.189",
            "root_block_device": [
              {
                "delete_on_termination": true,
                "encrypted": false,
                "iops": 150,
                "kms_key_id": "",
                "volume_id": "vol-0dc60f48f1189e4b9",
                "volume_size": 50,
                "volume_type": "gp2"
              }
            ],
            "security_groups": [],
            "source_dest_check": true,
            "subnet_id": "subnet-04628f76c22e9b833",
            "tags": {
              "Managed": "Kubernetes Cluster",
              "Name": "K8s-Master-Server",
              "OS": "CentOS",
              "Project": "K8s-Demo-ManagedCluster"
            },
            "tenancy": "default",
            "timeouts": null,
            "user_data": null,
            "user_data_base64": null,
            "volume_tags": {},
            "vpc_security_group_ids": [
              "sg-08cc75fa0d5377700"
            ]
          },
          "private": "eyJlMmJmYjczMC1lY2FhLTExZTYtOGY4OC0zNDM2M2JjN2M0YzAiOnsiY3JlYXRlIjo2MDAwMDAwMDAwMDAsImRlbGV0ZSI6MTIwMDAwMDAwMDAwMCwidXBkYXRlIjo2MDAwMDAwMDAwMDB9LCJzY2hlbWFfdmVyc2lvbiI6IjEifQ=="
        }
      ]
    }
  ]
}
